
Microsoft Visual Studio Solution File, Format Version 11.00
# Visual Studio 2010
Project("{FAE04EC0-301F-11D3-BF4B-00C04F79EFBC}") = "Exceller", "Exceller\Exceller.csproj", "{6FBBF33B-3D68-4C3C-AEC5-3632CED26A9B}"
EndProject
Global
	GlobalSection(SolutionConfigurationPlatforms) = preSolution
		Debug|x86 = Debug|x86
		Release|x86 = Release|x86
	EndGlobalSection
	GlobalSection(ProjectConfigurationPlatforms) = postSolution
		{6FBBF33B-3D68-4C3C-AEC5-3632CED26A9B}.Debug|x86.ActiveCfg = Debug|x86
		{6FBBF33B-3D68-4C3C-AEC5-3632CED26A9B}.Debug|x86.Build.0 = Debug|x86
		{6FBBF33B-3D68-4C3C-AEC5-3632CED26A9B}.Release|x86.ActiveCfg = Release|x86
		{6FBBF33B-3D68-4C3C-AEC5-3632CED26A9B}.Release|x86.Build.0 = Release|x86
	EndGlobalSection
	GlobalSection(SolutionProperties) = preSolution
		HideSolutionNode = FALSE
	EndGlobalSection
EndGlobal
