
Microsoft Visual Studio Solution File, Format Version 12.00
# Visual Studio 2012
Project("{FAE04EC0-301F-11D3-BF4B-00C04F79EFBC}") = "WindowsFormsApplication6", "WindowsFormsApplication6\WindowsFormsApplication6.csproj", "{9F6F0755-C953-463A-8B16-6A670F0EEADF}"
EndProject
Global
	GlobalSection(SolutionConfigurationPlatforms) = preSolution
		Debug|Any CPU = Debug|Any CPU
		Release|Any CPU = Release|Any CPU
	EndGlobalSection
	GlobalSection(ProjectConfigurationPlatforms) = postSolution
		{9F6F0755-C953-463A-8B16-6A670F0EEADF}.Debug|Any CPU.ActiveCfg = Debug|Any CPU
		{9F6F0755-C953-463A-8B16-6A670F0EEADF}.Debug|Any CPU.Build.0 = Debug|Any CPU
		{9F6F0755-C953-463A-8B16-6A670F0EEADF}.Release|Any CPU.ActiveCfg = Release|Any CPU
		{9F6F0755-C953-463A-8B16-6A670F0EEADF}.Release|Any CPU.Build.0 = Release|Any CPU
	EndGlobalSection
	GlobalSection(SolutionProperties) = preSolution
		HideSolutionNode = FALSE
	EndGlobalSection
EndGlobal
