
Microsoft Visual Studio Solution File, Format Version 12.00
# Visual Studio 2012
Project("{FAE04EC0-301F-11D3-BF4B-00C04F79EFBC}") = "AsalSayi", "AsalSayi\AsalSayi.csproj", "{C21C9B82-4D4A-44BD-AC1D-D9D471438CC1}"
EndProject
Global
	GlobalSection(SolutionConfigurationPlatforms) = preSolution
		Debug|Any CPU = Debug|Any CPU
		Release|Any CPU = Release|Any CPU
	EndGlobalSection
	GlobalSection(ProjectConfigurationPlatforms) = postSolution
		{C21C9B82-4D4A-44BD-AC1D-D9D471438CC1}.Debug|Any CPU.ActiveCfg = Debug|Any CPU
		{C21C9B82-4D4A-44BD-AC1D-D9D471438CC1}.Debug|Any CPU.Build.0 = Debug|Any CPU
		{C21C9B82-4D4A-44BD-AC1D-D9D471438CC1}.Release|Any CPU.ActiveCfg = Release|Any CPU
		{C21C9B82-4D4A-44BD-AC1D-D9D471438CC1}.Release|Any CPU.Build.0 = Release|Any CPU
	EndGlobalSection
	GlobalSection(SolutionProperties) = preSolution
		HideSolutionNode = FALSE
	EndGlobalSection
EndGlobal
