
Microsoft Visual Studio Solution File, Format Version 12.00
# Visual Studio 2012
Project("{FAE04EC0-301F-11D3-BF4B-00C04F79EFBC}") = "ModAlma", "ModAlma\ModAlma.csproj", "{C8C582D8-CD6B-4620-AF02-0C2A5D81EB5D}"
EndProject
Global
	GlobalSection(SolutionConfigurationPlatforms) = preSolution
		Debug|Any CPU = Debug|Any CPU
		Release|Any CPU = Release|Any CPU
	EndGlobalSection
	GlobalSection(ProjectConfigurationPlatforms) = postSolution
		{C8C582D8-CD6B-4620-AF02-0C2A5D81EB5D}.Debug|Any CPU.ActiveCfg = Debug|Any CPU
		{C8C582D8-CD6B-4620-AF02-0C2A5D81EB5D}.Debug|Any CPU.Build.0 = Debug|Any CPU
		{C8C582D8-CD6B-4620-AF02-0C2A5D81EB5D}.Release|Any CPU.ActiveCfg = Release|Any CPU
		{C8C582D8-CD6B-4620-AF02-0C2A5D81EB5D}.Release|Any CPU.Build.0 = Release|Any CPU
	EndGlobalSection
	GlobalSection(SolutionProperties) = preSolution
		HideSolutionNode = FALSE
	EndGlobalSection
EndGlobal
