
Microsoft Visual Studio Solution File, Format Version 12.00
# Visual Studio 2012
Project("{FAE04EC0-301F-11D3-BF4B-00C04F79EFBC}") = "şifrekırma2", "şifrekırma2\şifrekırma2.csproj", "{BBA83AF6-4F50-41A7-B956-0642F4EBB5BC}"
EndProject
Global
	GlobalSection(SolutionConfigurationPlatforms) = preSolution
		Debug|Any CPU = Debug|Any CPU
		Release|Any CPU = Release|Any CPU
	EndGlobalSection
	GlobalSection(ProjectConfigurationPlatforms) = postSolution
		{BBA83AF6-4F50-41A7-B956-0642F4EBB5BC}.Debug|Any CPU.ActiveCfg = Debug|Any CPU
		{BBA83AF6-4F50-41A7-B956-0642F4EBB5BC}.Debug|Any CPU.Build.0 = Debug|Any CPU
		{BBA83AF6-4F50-41A7-B956-0642F4EBB5BC}.Release|Any CPU.ActiveCfg = Release|Any CPU
		{BBA83AF6-4F50-41A7-B956-0642F4EBB5BC}.Release|Any CPU.Build.0 = Release|Any CPU
	EndGlobalSection
	GlobalSection(SolutionProperties) = preSolution
		HideSolutionNode = FALSE
	EndGlobalSection
EndGlobal
