
Microsoft Visual Studio Solution File, Format Version 11.00
# Visual Studio 2010
Project("{FAE04EC0-301F-11D3-BF4B-00C04F79EFBC}") = "DosyaKoplayama", "DosyaKoplayama\DosyaKoplayama.csproj", "{C5B9DEB5-C40E-430A-907A-3CB4584BC88C}"
EndProject
Global
	GlobalSection(SolutionConfigurationPlatforms) = preSolution
		Debug|Any CPU = Debug|Any CPU
		Release|Any CPU = Release|Any CPU
	EndGlobalSection
	GlobalSection(ProjectConfigurationPlatforms) = postSolution
		{C5B9DEB5-C40E-430A-907A-3CB4584BC88C}.Debug|Any CPU.ActiveCfg = Debug|Any CPU
		{C5B9DEB5-C40E-430A-907A-3CB4584BC88C}.Debug|Any CPU.Build.0 = Debug|Any CPU
		{C5B9DEB5-C40E-430A-907A-3CB4584BC88C}.Release|Any CPU.ActiveCfg = Release|Any CPU
		{C5B9DEB5-C40E-430A-907A-3CB4584BC88C}.Release|Any CPU.Build.0 = Release|Any CPU
	EndGlobalSection
	GlobalSection(SolutionProperties) = preSolution
		HideSolutionNode = FALSE
	EndGlobalSection
EndGlobal
