
Microsoft Visual Studio Solution File, Format Version 12.00
# Visual Studio 2012
Project("{FAE04EC0-301F-11D3-BF4B-00C04F79EFBC}") = "Klasör ve Dosya Kontrol", "Klasör ve Dosya Kontrol\Klasör ve Dosya Kontrol.csproj", "{18BF8592-BAEA-4934-9ECE-6C46F2C88533}"
EndProject
Global
	GlobalSection(SolutionConfigurationPlatforms) = preSolution
		Debug|Any CPU = Debug|Any CPU
		Release|Any CPU = Release|Any CPU
	EndGlobalSection
	GlobalSection(ProjectConfigurationPlatforms) = postSolution
		{18BF8592-BAEA-4934-9ECE-6C46F2C88533}.Debug|Any CPU.ActiveCfg = Debug|Any CPU
		{18BF8592-BAEA-4934-9ECE-6C46F2C88533}.Debug|Any CPU.Build.0 = Debug|Any CPU
		{18BF8592-BAEA-4934-9ECE-6C46F2C88533}.Release|Any CPU.ActiveCfg = Release|Any CPU
		{18BF8592-BAEA-4934-9ECE-6C46F2C88533}.Release|Any CPU.Build.0 = Release|Any CPU
	EndGlobalSection
	GlobalSection(SolutionProperties) = preSolution
		HideSolutionNode = FALSE
	EndGlobalSection
EndGlobal
