
Microsoft Visual Studio Solution File, Format Version 12.00
# Visual Studio 2012
Project("{FAE04EC0-301F-11D3-BF4B-00C04F79EFBC}") = "WindowsFormsApplication18", "WindowsFormsApplication18\WindowsFormsApplication18.csproj", "{7A8109D3-A788-4D50-BF1D-F6878EB37993}"
EndProject
Global
	GlobalSection(SolutionConfigurationPlatforms) = preSolution
		Debug|Any CPU = Debug|Any CPU
		Release|Any CPU = Release|Any CPU
	EndGlobalSection
	GlobalSection(ProjectConfigurationPlatforms) = postSolution
		{7A8109D3-A788-4D50-BF1D-F6878EB37993}.Debug|Any CPU.ActiveCfg = Debug|Any CPU
		{7A8109D3-A788-4D50-BF1D-F6878EB37993}.Debug|Any CPU.Build.0 = Debug|Any CPU
		{7A8109D3-A788-4D50-BF1D-F6878EB37993}.Release|Any CPU.ActiveCfg = Release|Any CPU
		{7A8109D3-A788-4D50-BF1D-F6878EB37993}.Release|Any CPU.Build.0 = Release|Any CPU
	EndGlobalSection
	GlobalSection(SolutionProperties) = preSolution
		HideSolutionNode = FALSE
	EndGlobalSection
EndGlobal
